dependencies:
- name: vault-yaml-common
  repository: file://charts/vault-yaml-common
  version: 0.1.0
- name: vault-yaml-pki
  repository: file://charts/vault-yaml-pki
  version: 0.1.0
- name: vault-yaml-kubernetes
  repository: file://charts/vault-yaml-kubernetes
  version: 0.1.0
- name: vault-yaml-ssh
  repository: file://charts/vault-yaml-ssh
  version: 0.1.0
- name: vault-yaml-access
  repository: file://charts/vault-yaml-access
  version: 0.1.0
digest: sha256:11cd6b4480d76639aaab689ee53ed20ca21e872b3aec60b0237f41f32eaf4490
generated: "2026-07-21T15:14:22.265165+03:00"
